
Microsoft Visual Studio Solution File, Format Version 12.00
Project("{FAE04EC0-301F-11D3-BF4B-00C04F79EFBC}") = "AOC", "AOC.csproj", "{9D60F5C3-17E6-4201-B191-4D979A7982D6}"
EndProject
Global
	GlobalSection(SolutionConfigurationPlatforms) = preSolution
		Debug|Any CPU = Debug|Any CPU
		Release|Any CPU = Release|Any CPU
	EndGlobalSection
	GlobalSection(ProjectConfigurationPlatforms) = postSolution
		{9D60F5C3-17E6-4201-B191-4D979A7982D6}.Debug|Any CPU.ActiveCfg = Debug|Any CPU
		{9D60F5C3-17E6-4201-B191-4D979A7982D6}.Debug|Any CPU.Build.0 = Debug|Any CPU
		{9D60F5C3-17E6-4201-B191-4D979A7982D6}.Release|Any CPU.ActiveCfg = Release|Any CPU
		{9D60F5C3-17E6-4201-B191-4D979A7982D6}.Release|Any CPU.Build.0 = Release|Any CPU
	EndGlobalSection
EndGlobal
